
Microsoft Visual Studio Solution File, Format Version 12.00
# Visual Studio Version 17
VisualStudioVersion = 17.5.002.0
MinimumVisualStudioVersion = 10.0.40219.1
Project("{9A19103F-16F7-4668-BE54-9A1E7A4F7556}") = "GamingDiary", "GamingDiary\GamingDiary.csproj", "{59E0D7C9-F4DD-4EAA-980B-4AEF501BB401}"
EndProject
Global
	GlobalSection(SolutionConfigurationPlatforms) = preSolution
		Debug|Any CPU = Debug|Any CPU
		Release|Any CPU = Release|Any CPU
	EndGlobalSection
	GlobalSection(ProjectConfigurationPlatforms) = postSolution
		{59E0D7C9-F4DD-4EAA-980B-4AEF501BB401}.Debug|Any CPU.ActiveCfg = Debug|Any CPU
		{59E0D7C9-F4DD-4EAA-980B-4AEF501BB401}.Debug|Any CPU.Build.0 = Debug|Any CPU
		{59E0D7C9-F4DD-4EAA-980B-4AEF501BB401}.Release|Any CPU.ActiveCfg = Release|Any CPU
		{59E0D7C9-F4DD-4EAA-980B-4AEF501BB401}.Release|Any CPU.Build.0 = Release|Any CPU
	EndGlobalSection
	GlobalSection(SolutionProperties) = preSolution
		HideSolutionNode = FALSE
	EndGlobalSection
	GlobalSection(ExtensibilityGlobals) = postSolution
		SolutionGuid = {FBE8B680-0F6F-4F92-BB6A-2AA702E5AAD6}
	EndGlobalSection
EndGlobal
